
Microsoft Visual Studio Solution File, Format Version 12.00
# Visual Studio 15
VisualStudioVersion = 15.0.28010.2026
MinimumVisualStudioVersion = 10.0.40219.1
Project("{FAE04EC0-301F-11D3-BF4B-00C04F79EFBC}") = "Assignment4", "Assignment4\Assignment4.csproj", "{7F7B088F-E8B9-4504-89CF-68808E64652D}"
EndProject
Global
	GlobalSection(SolutionConfigurationPlatforms) = preSolution
		Debug|Any CPU = Debug|Any CPU
		Release|Any CPU = Release|Any CPU
	EndGlobalSection
	GlobalSection(ProjectConfigurationPlatforms) = postSolution
		{7F7B088F-E8B9-4504-89CF-68808E64652D}.Debug|Any CPU.ActiveCfg = Debug|Any CPU
		{7F7B088F-E8B9-4504-89CF-68808E64652D}.Debug|Any CPU.Build.0 = Debug|Any CPU
		{7F7B088F-E8B9-4504-89CF-68808E64652D}.Release|Any CPU.ActiveCfg = Release|Any CPU
		{7F7B088F-E8B9-4504-89CF-68808E64652D}.Release|Any CPU.Build.0 = Release|Any CPU
	EndGlobalSection
	GlobalSection(SolutionProperties) = preSolution
		HideSolutionNode = FALSE
	EndGlobalSection
	GlobalSection(ExtensibilityGlobals) = postSolution
		SolutionGuid = {212D9414-8020-40A1-8D34-7C7A41F2AE2B}
	EndGlobalSection
EndGlobal
