
Microsoft Visual Studio Solution File, Format Version 12.00
# Visual Studio 15
VisualStudioVersion = 15.0.28010.2026
MinimumVisualStudioVersion = 10.0.40219.1
Project("{FAE04EC0-301F-11D3-BF4B-00C04F79EFBC}") = "Assignment4Api", "Assignment4Api\Assignment4Api.csproj", "{D1E0C4C7-F21D-4FC4-8019-A0FA66B6C98B}"
EndProject
Global
	GlobalSection(SolutionConfigurationPlatforms) = preSolution
		Debug|Any CPU = Debug|Any CPU
		Release|Any CPU = Release|Any CPU
	EndGlobalSection
	GlobalSection(ProjectConfigurationPlatforms) = postSolution
		{D1E0C4C7-F21D-4FC4-8019-A0FA66B6C98B}.Debug|Any CPU.ActiveCfg = Debug|Any CPU
		{D1E0C4C7-F21D-4FC4-8019-A0FA66B6C98B}.Debug|Any CPU.Build.0 = Debug|Any CPU
		{D1E0C4C7-F21D-4FC4-8019-A0FA66B6C98B}.Release|Any CPU.ActiveCfg = Release|Any CPU
		{D1E0C4C7-F21D-4FC4-8019-A0FA66B6C98B}.Release|Any CPU.Build.0 = Release|Any CPU
	EndGlobalSection
	GlobalSection(SolutionProperties) = preSolution
		HideSolutionNode = FALSE
	EndGlobalSection
	GlobalSection(ExtensibilityGlobals) = postSolution
		SolutionGuid = {66679A98-D882-4797-B3CB-E4809D24670D}
	EndGlobalSection
EndGlobal
